
Microsoft Visual Studio Solution File, Format Version 11.00
# Visual Studio 2010
Project("{8BC9CEB8-8B4A-11D0-8D11-00A0C91BC942}") = "qpointer_demo", "qpointer_demo.vcxproj", "{80828B7F-AFC9-4849-A618-CBC99E29A441}"
EndProject
Global
	GlobalSection(SolutionConfigurationPlatforms) = preSolution
		Debug|Win32 = Debug|Win32
		Release|Win32 = Release|Win32
	EndGlobalSection
	GlobalSection(ProjectConfigurationPlatforms) = postSolution
		{80828B7F-AFC9-4849-A618-CBC99E29A441}.Debug|Win32.ActiveCfg = Debug|Win32
		{80828B7F-AFC9-4849-A618-CBC99E29A441}.Debug|Win32.Build.0 = Debug|Win32
		{80828B7F-AFC9-4849-A618-CBC99E29A441}.Release|Win32.ActiveCfg = Release|Win32
		{80828B7F-AFC9-4849-A618-CBC99E29A441}.Release|Win32.Build.0 = Release|Win32
	EndGlobalSection
	GlobalSection(SolutionProperties) = preSolution
		HideSolutionNode = FALSE
	EndGlobalSection
EndGlobal
