
Microsoft Visual Studio Solution File, Format Version 11.00
# Visual Studio 2010
Project("{8BC9CEB8-8B4A-11D0-8D11-00A0C91BC942}") = "locale_name_list", "locale_name_list.vcxproj", "{9976AAB4-72CE-4D21-ABAE-165F632D44E1}"
EndProject
Global
	GlobalSection(SolutionConfigurationPlatforms) = preSolution
		Debug|Win32 = Debug|Win32
		Release|Win32 = Release|Win32
	EndGlobalSection
	GlobalSection(ProjectConfigurationPlatforms) = postSolution
		{9976AAB4-72CE-4D21-ABAE-165F632D44E1}.Debug|Win32.ActiveCfg = Debug|Win32
		{9976AAB4-72CE-4D21-ABAE-165F632D44E1}.Debug|Win32.Build.0 = Debug|Win32
		{9976AAB4-72CE-4D21-ABAE-165F632D44E1}.Release|Win32.ActiveCfg = Release|Win32
		{9976AAB4-72CE-4D21-ABAE-165F632D44E1}.Release|Win32.Build.0 = Release|Win32
	EndGlobalSection
	GlobalSection(SolutionProperties) = preSolution
		HideSolutionNode = FALSE
	EndGlobalSection
EndGlobal
