
Microsoft Visual Studio Solution File, Format Version 11.00
# Visual Studio 2010
Project("{8BC9CEB8-8B4A-11D0-8D11-00A0C91BC942}") = "find_dialog", "find_dialog.vcxproj", "{B7242694-E23E-40CB-B7F5-9943FC433519}"
EndProject
Global
	GlobalSection(SolutionConfigurationPlatforms) = preSolution
		Debug|Win32 = Debug|Win32
		Release|Win32 = Release|Win32
	EndGlobalSection
	GlobalSection(ProjectConfigurationPlatforms) = postSolution
		{B7242694-E23E-40CB-B7F5-9943FC433519}.Debug|Win32.ActiveCfg = Debug|Win32
		{B7242694-E23E-40CB-B7F5-9943FC433519}.Debug|Win32.Build.0 = Debug|Win32
		{B7242694-E23E-40CB-B7F5-9943FC433519}.Release|Win32.ActiveCfg = Release|Win32
		{B7242694-E23E-40CB-B7F5-9943FC433519}.Release|Win32.Build.0 = Release|Win32
	EndGlobalSection
	GlobalSection(SolutionProperties) = preSolution
		HideSolutionNode = FALSE
	EndGlobalSection
EndGlobal
