
Microsoft Visual Studio Solution File, Format Version 11.00
# Visual Studio 2010
Project("{8BC9CEB8-8B4A-11D0-8D11-00A0C91BC942}") = "selection_monitoring", "selection_monitoring.vcxproj", "{85E6FE11-AD70-4FDA-8E63-00653BCB6F79}"
EndProject
Global
	GlobalSection(SolutionConfigurationPlatforms) = preSolution
		Debug|Win32 = Debug|Win32
		Release|Win32 = Release|Win32
	EndGlobalSection
	GlobalSection(ProjectConfigurationPlatforms) = postSolution
		{85E6FE11-AD70-4FDA-8E63-00653BCB6F79}.Debug|Win32.ActiveCfg = Debug|Win32
		{85E6FE11-AD70-4FDA-8E63-00653BCB6F79}.Debug|Win32.Build.0 = Debug|Win32
		{85E6FE11-AD70-4FDA-8E63-00653BCB6F79}.Release|Win32.ActiveCfg = Release|Win32
		{85E6FE11-AD70-4FDA-8E63-00653BCB6F79}.Release|Win32.Build.0 = Release|Win32
	EndGlobalSection
	GlobalSection(SolutionProperties) = preSolution
		HideSolutionNode = FALSE
	EndGlobalSection
EndGlobal
