
Microsoft Visual Studio Solution File, Format Version 11.00
# Visual Studio 2010
Project("{8BC9CEB8-8B4A-11D0-8D11-00A0C91BC942}") = "locale_use_facet", "locale_use_facet.vcxproj", "{A96AD809-F098-499B-8271-264395E7AFD7}"
EndProject
Global
	GlobalSection(SolutionConfigurationPlatforms) = preSolution
		Debug|Win32 = Debug|Win32
		Release|Win32 = Release|Win32
	EndGlobalSection
	GlobalSection(ProjectConfigurationPlatforms) = postSolution
		{A96AD809-F098-499B-8271-264395E7AFD7}.Debug|Win32.ActiveCfg = Debug|Win32
		{A96AD809-F098-499B-8271-264395E7AFD7}.Debug|Win32.Build.0 = Debug|Win32
		{A96AD809-F098-499B-8271-264395E7AFD7}.Release|Win32.ActiveCfg = Release|Win32
		{A96AD809-F098-499B-8271-264395E7AFD7}.Release|Win32.Build.0 = Release|Win32
	EndGlobalSection
	GlobalSection(SolutionProperties) = preSolution
		HideSolutionNode = FALSE
	EndGlobalSection
EndGlobal
