
Microsoft Visual Studio Solution File, Format Version 11.00
# Visual Studio 2010
Project("{8BC9CEB8-8B4A-11D0-8D11-00A0C91BC942}") = "QObject_destruction_order", "QObject_destruction_order.vcxproj", "{EB910C4F-332B-4822-88B2-76B7793ADD53}"
EndProject
Global
	GlobalSection(SolutionConfigurationPlatforms) = preSolution
		Debug|Win32 = Debug|Win32
		Release|Win32 = Release|Win32
	EndGlobalSection
	GlobalSection(ProjectConfigurationPlatforms) = postSolution
		{EB910C4F-332B-4822-88B2-76B7793ADD53}.Debug|Win32.ActiveCfg = Debug|Win32
		{EB910C4F-332B-4822-88B2-76B7793ADD53}.Debug|Win32.Build.0 = Debug|Win32
		{EB910C4F-332B-4822-88B2-76B7793ADD53}.Release|Win32.ActiveCfg = Release|Win32
		{EB910C4F-332B-4822-88B2-76B7793ADD53}.Release|Win32.Build.0 = Release|Win32
	EndGlobalSection
	GlobalSection(SolutionProperties) = preSolution
		HideSolutionNode = FALSE
	EndGlobalSection
EndGlobal
