
Microsoft Visual Studio Solution File, Format Version 11.00
# Visual Studio 2010
Project("{8BC9CEB8-8B4A-11D0-8D11-00A0C91BC942}") = "overloaded_io", "overloaded_io.vcxproj", "{866D7DA8-E237-4904-8A7D-BE1329263F86}"
EndProject
Global
	GlobalSection(SolutionConfigurationPlatforms) = preSolution
		Debug|Win32 = Debug|Win32
		Release|Win32 = Release|Win32
	EndGlobalSection
	GlobalSection(ProjectConfigurationPlatforms) = postSolution
		{866D7DA8-E237-4904-8A7D-BE1329263F86}.Debug|Win32.ActiveCfg = Debug|Win32
		{866D7DA8-E237-4904-8A7D-BE1329263F86}.Debug|Win32.Build.0 = Debug|Win32
		{866D7DA8-E237-4904-8A7D-BE1329263F86}.Release|Win32.ActiveCfg = Release|Win32
		{866D7DA8-E237-4904-8A7D-BE1329263F86}.Release|Win32.Build.0 = Release|Win32
	EndGlobalSection
	GlobalSection(SolutionProperties) = preSolution
		HideSolutionNode = FALSE
	EndGlobalSection
EndGlobal
