
Microsoft Visual Studio Solution File, Format Version 11.00
# Visual Studio 2010
Project("{8BC9CEB8-8B4A-11D0-8D11-00A0C91BC942}") = "qt_console", "qt_console.vcxproj", "{11E72DDF-CE15-427A-8E81-25179556F723}"
EndProject
Global
	GlobalSection(SolutionConfigurationPlatforms) = preSolution
		Debug|Win32 = Debug|Win32
		Release|Win32 = Release|Win32
	EndGlobalSection
	GlobalSection(ProjectConfigurationPlatforms) = postSolution
		{11E72DDF-CE15-427A-8E81-25179556F723}.Debug|Win32.ActiveCfg = Debug|Win32
		{11E72DDF-CE15-427A-8E81-25179556F723}.Debug|Win32.Build.0 = Debug|Win32
		{11E72DDF-CE15-427A-8E81-25179556F723}.Release|Win32.ActiveCfg = Release|Win32
		{11E72DDF-CE15-427A-8E81-25179556F723}.Release|Win32.Build.0 = Release|Win32
	EndGlobalSection
	GlobalSection(SolutionProperties) = preSolution
		HideSolutionNode = FALSE
	EndGlobalSection
EndGlobal
