
Microsoft Visual Studio Solution File, Format Version 11.00
# Visual Studio 2010
Project("{8BC9CEB8-8B4A-11D0-8D11-00A0C91BC942}") = "test_QLocale", "test_QLocale.vcxproj", "{EEA05D47-22B0-458D-9DE7-14644C158211}"
EndProject
Global
	GlobalSection(SolutionConfigurationPlatforms) = preSolution
		Debug|Win32 = Debug|Win32
		Release|Win32 = Release|Win32
	EndGlobalSection
	GlobalSection(ProjectConfigurationPlatforms) = postSolution
		{EEA05D47-22B0-458D-9DE7-14644C158211}.Debug|Win32.ActiveCfg = Debug|Win32
		{EEA05D47-22B0-458D-9DE7-14644C158211}.Debug|Win32.Build.0 = Debug|Win32
		{EEA05D47-22B0-458D-9DE7-14644C158211}.Release|Win32.ActiveCfg = Release|Win32
		{EEA05D47-22B0-458D-9DE7-14644C158211}.Release|Win32.Build.0 = Release|Win32
	EndGlobalSection
	GlobalSection(SolutionProperties) = preSolution
		HideSolutionNode = FALSE
	EndGlobalSection
EndGlobal
