{
  "name": "actors",
  "version": "1.0.0",
  "lockfileVersion": 1,
  "requires": true,
  "dependencies": {
    "denque": {
      "version": "1.4.0",
      "resolved": "https://registry.npmjs.org/denque/-/denque-1.4.0.tgz",
      "integrity": "sha512-gh513ac7aiKrAgjiIBWZG0EASyDF9p4JMWwKA8YU5s9figrL5SRNEMT6FDynsegakuhWd1wVqTvqvqAoDxw7wQ=="
    },
    "nact": {
      "version": "7.2.1",
      "resolved": "https://registry.npmjs.org/nact/-/nact-7.2.1.tgz",
      "integrity": "sha512-wgAjVMg5KYMlEC/xyOuWq16kOIC9CGevIIQ7Kdjen4WSOaSuFYkjsoJ/CShmGNCtvYkH3vxWO3iCKQDQC8lgWg==",
      "requires": {
        "denque": "^1.2.3"
      }
    }
  }
}
