
Microsoft Visual Studio Solution File, Format Version 11.00
# Visual Studio 2010
Project("{8BC9CEB8-8B4A-11D0-8D11-00A0C91BC942}") = "locale_codecvt", "locale_codecvt.vcxproj", "{1C125744-2E84-4163-8743-03268194E749}"
EndProject
Global
	GlobalSection(SolutionConfigurationPlatforms) = preSolution
		Debug|Win32 = Debug|Win32
		Release|Win32 = Release|Win32
	EndGlobalSection
	GlobalSection(ProjectConfigurationPlatforms) = postSolution
		{1C125744-2E84-4163-8743-03268194E749}.Debug|Win32.ActiveCfg = Debug|Win32
		{1C125744-2E84-4163-8743-03268194E749}.Debug|Win32.Build.0 = Debug|Win32
		{1C125744-2E84-4163-8743-03268194E749}.Release|Win32.ActiveCfg = Release|Win32
		{1C125744-2E84-4163-8743-03268194E749}.Release|Win32.Build.0 = Release|Win32
	EndGlobalSection
	GlobalSection(SolutionProperties) = preSolution
		HideSolutionNode = FALSE
	EndGlobalSection
EndGlobal
